
Microsoft Visual Studio Solution File, Format Version 11.00
# Visual Studio 2010
Project("{FAE04EC0-301F-11D3-BF4B-00C04F79EFBC}") = "ControlViaticosApp", "ControlViaticosApp\ControlViaticosApp.csproj", "{84CEFF6C-5764-42DB-A5BB-50CB5F27A8DE}"
	ProjectSection(ProjectDependencies) = postProject
		{47FE4B2C-693B-449E-B9C6-7B3EF0DDE8F4} = {47FE4B2C-693B-449E-B9C6-7B3EF0DDE8F4}
		{2A9A46A5-FFC3-440B-99D5-F7A7CFEC350A} = {2A9A46A5-FFC3-440B-99D5-F7A7CFEC350A}
	EndProjectSection
EndProject
Project("{FAE04EC0-301F-11D3-BF4B-00C04F79EFBC}") = "ControlViaticosServices", "ControlViaticosServices\ControlViaticosServices.csproj", "{2A9A46A5-FFC3-440B-99D5-F7A7CFEC350A}"
EndProject
Project("{2150E333-8FDC-42A3-9474-1A3956D46DE8}") = "Librerias", "Librerias", "{06A798D7-6030-40D6-85D8-39A1D43F6AC8}"
	ProjectSection(SolutionItems) = preProject
		Librerias\Iesi.Collections.dll = Librerias\Iesi.Collections.dll
		Librerias\NHibernate.dll = Librerias\NHibernate.dll
	EndProjectSection
EndProject
Project("{FAE04EC0-301F-11D3-BF4B-00C04F79EFBC}") = "LiquidarServices", "LiquidarServices\LiquidarServices.csproj", "{47FE4B2C-693B-449E-B9C6-7B3EF0DDE8F4}"
EndProject
Project("{2150E333-8FDC-42A3-9474-1A3956D46DE8}") = "Solution Items", "Solution Items", "{537451B2-77B5-44C3-86D3-32CBF126FE15}"
	ProjectSection(SolutionItems) = preProject
		ControlViaticosMVC.vsmdi = ControlViaticosMVC.vsmdi
		Local.testsettings = Local.testsettings
		TraceAndTestImpact.testsettings = TraceAndTestImpact.testsettings
	EndProjectSection
EndProject
Project("{FAE04EC0-301F-11D3-BF4B-00C04F79EFBC}") = "LiquidarServiceTest", "LiquidarServiceTest\LiquidarServiceTest.csproj", "{6A5A9DE9-99B0-4F2C-998F-2333E5F414FC}"
	ProjectSection(ProjectDependencies) = postProject
		{47FE4B2C-693B-449E-B9C6-7B3EF0DDE8F4} = {47FE4B2C-693B-449E-B9C6-7B3EF0DDE8F4}
	EndProjectSection
EndProject
Project("{FAE04EC0-301F-11D3-BF4B-00C04F79EFBC}") = "TarifarioServices", "TarifarioServices\TarifarioServices.csproj", "{C68E03D0-6B90-47CE-83BB-7A2440FC01A4}"
EndProject
Project("{FAE04EC0-301F-11D3-BF4B-00C04F79EFBC}") = "PresupuestoServices", "PresupuestoServices\PresupuestoServices.csproj", "{53B9298B-A539-4F71-817C-7A81BB68C92E}"
EndProject
Project("{FAE04EC0-301F-11D3-BF4B-00C04F79EFBC}") = "RESTServices", "RESTServices\RESTServices.csproj", "{3CE44F60-E849-4F6A-A2AA-33D4F1C01FB7}"
EndProject
Project("{FAE04EC0-301F-11D3-BF4B-00C04F79EFBC}") = "RESTTEST3", "RESTTEST3\RESTTEST3.csproj", "{7DBF1164-6A56-4CD5-A0B7-FD3F44980CAF}"
EndProject
Global
	GlobalSection(SubversionScc) = preSolution
		Svn-Managed = True
		Manager = AnkhSVN - Subversion Support for Visual Studio
	EndGlobalSection
	GlobalSection(TestCaseManagementSettings) = postSolution
		CategoryFile = ControlViaticosMVC.vsmdi
	EndGlobalSection
	GlobalSection(SolutionConfigurationPlatforms) = preSolution
		Debug|Any CPU = Debug|Any CPU
		Release|Any CPU = Release|Any CPU
	EndGlobalSection
	GlobalSection(ProjectConfigurationPlatforms) = postSolution
		{84CEFF6C-5764-42DB-A5BB-50CB5F27A8DE}.Debug|Any CPU.ActiveCfg = Debug|Any CPU
		{84CEFF6C-5764-42DB-A5BB-50CB5F27A8DE}.Debug|Any CPU.Build.0 = Debug|Any CPU
		{84CEFF6C-5764-42DB-A5BB-50CB5F27A8DE}.Release|Any CPU.ActiveCfg = Release|Any CPU
		{84CEFF6C-5764-42DB-A5BB-50CB5F27A8DE}.Release|Any CPU.Build.0 = Release|Any CPU
		{2A9A46A5-FFC3-440B-99D5-F7A7CFEC350A}.Debug|Any CPU.ActiveCfg = Debug|Any CPU
		{2A9A46A5-FFC3-440B-99D5-F7A7CFEC350A}.Debug|Any CPU.Build.0 = Debug|Any CPU
		{2A9A46A5-FFC3-440B-99D5-F7A7CFEC350A}.Release|Any CPU.ActiveCfg = Release|Any CPU
		{2A9A46A5-FFC3-440B-99D5-F7A7CFEC350A}.Release|Any CPU.Build.0 = Release|Any CPU
		{47FE4B2C-693B-449E-B9C6-7B3EF0DDE8F4}.Debug|Any CPU.ActiveCfg = Debug|Any CPU
		{47FE4B2C-693B-449E-B9C6-7B3EF0DDE8F4}.Debug|Any CPU.Build.0 = Debug|Any CPU
		{47FE4B2C-693B-449E-B9C6-7B3EF0DDE8F4}.Release|Any CPU.ActiveCfg = Release|Any CPU
		{47FE4B2C-693B-449E-B9C6-7B3EF0DDE8F4}.Release|Any CPU.Build.0 = Release|Any CPU
		{6A5A9DE9-99B0-4F2C-998F-2333E5F414FC}.Debug|Any CPU.ActiveCfg = Debug|Any CPU
		{6A5A9DE9-99B0-4F2C-998F-2333E5F414FC}.Debug|Any CPU.Build.0 = Debug|Any CPU
		{6A5A9DE9-99B0-4F2C-998F-2333E5F414FC}.Release|Any CPU.ActiveCfg = Release|Any CPU
		{6A5A9DE9-99B0-4F2C-998F-2333E5F414FC}.Release|Any CPU.Build.0 = Release|Any CPU
		{C68E03D0-6B90-47CE-83BB-7A2440FC01A4}.Debug|Any CPU.ActiveCfg = Debug|Any CPU
		{C68E03D0-6B90-47CE-83BB-7A2440FC01A4}.Debug|Any CPU.Build.0 = Debug|Any CPU
		{C68E03D0-6B90-47CE-83BB-7A2440FC01A4}.Release|Any CPU.ActiveCfg = Release|Any CPU
		{C68E03D0-6B90-47CE-83BB-7A2440FC01A4}.Release|Any CPU.Build.0 = Release|Any CPU
		{53B9298B-A539-4F71-817C-7A81BB68C92E}.Debug|Any CPU.ActiveCfg = Debug|Any CPU
		{53B9298B-A539-4F71-817C-7A81BB68C92E}.Debug|Any CPU.Build.0 = Debug|Any CPU
		{53B9298B-A539-4F71-817C-7A81BB68C92E}.Release|Any CPU.ActiveCfg = Release|Any CPU
		{53B9298B-A539-4F71-817C-7A81BB68C92E}.Release|Any CPU.Build.0 = Release|Any CPU
		{3CE44F60-E849-4F6A-A2AA-33D4F1C01FB7}.Debug|Any CPU.ActiveCfg = Debug|Any CPU
		{3CE44F60-E849-4F6A-A2AA-33D4F1C01FB7}.Debug|Any CPU.Build.0 = Debug|Any CPU
		{3CE44F60-E849-4F6A-A2AA-33D4F1C01FB7}.Release|Any CPU.ActiveCfg = Release|Any CPU
		{3CE44F60-E849-4F6A-A2AA-33D4F1C01FB7}.Release|Any CPU.Build.0 = Release|Any CPU
		{7DBF1164-6A56-4CD5-A0B7-FD3F44980CAF}.Debug|Any CPU.ActiveCfg = Debug|Any CPU
		{7DBF1164-6A56-4CD5-A0B7-FD3F44980CAF}.Debug|Any CPU.Build.0 = Debug|Any CPU
		{7DBF1164-6A56-4CD5-A0B7-FD3F44980CAF}.Release|Any CPU.ActiveCfg = Release|Any CPU
		{7DBF1164-6A56-4CD5-A0B7-FD3F44980CAF}.Release|Any CPU.Build.0 = Release|Any CPU
	EndGlobalSection
	GlobalSection(SolutionProperties) = preSolution
		HideSolutionNode = FALSE
	EndGlobalSection
EndGlobal
